// !$*UTF8*$!
{
	archiveVersion = 1;
	classes = {
	};
	objectVersion = 77;
	objects = {

/* Begin PBXBuildFile section */
		01EF516754CB4AA3D9466A9C /* VoiceSession.swift in Sources */ = {isa = PBXBuildFile; fileRef = ABA19335B140E4AE59C6CE00 /* VoiceSession.swift */; };
		02B3D4B592E0524960C7DBBF /* NavigationEngine.swift in Sources */ = {isa = PBXBuildFile; fileRef = CFE79ACBECD037B8426A5B04 /* NavigationEngine.swift */; };
		040228378FBF4B2DDBAF4D7F /* ConnectivitySwitchManager.swift in Sources */ = {isa = PBXBuildFile; fileRef = 3B2938C014534B18E82AC39D /* ConnectivitySwitchManager.swift */; };
		099FC1FB3F67C3042AE4733F /* MapService.swift in Sources */ = {isa = PBXBuildFile; fileRef = 2E0F4B790BD5565FD9190A85 /* MapService.swift */; };
		0E1C55D57139E408546C6B55 /* CreditQoSController.swift in Sources */ = {isa = PBXBuildFile; fileRef = 6C3AE7CF2CCA513AD4423E60 /* CreditQoSController.swift */; };
		10A24121848C294E4E3C6F78 /* Constants.swift in Sources */ = {isa = PBXBuildFile; fileRef = AE110374026BF49593FD9127 /* Constants.swift */; };
		1F2B4D593098DE0CC4261944 /* RescueDashboard.swift in Sources */ = {isa = PBXBuildFile; fileRef = CCD6FA0DB24273B0B8A81373 /* RescueDashboard.swift */; };
		24D5F790C279756C8275C9A4 /* ReputationTracker.swift in Sources */ = {isa = PBXBuildFile; fileRef = A61A02C4F7A6ABF00CA84AAF /* ReputationTracker.swift */; };
		25D6180C44379D809EE49E7A /* RouteStabilityMonitor.swift in Sources */ = {isa = PBXBuildFile; fileRef = D97F700EEBB7BA1F99D5A76C /* RouteStabilityMonitor.swift */; };
		2C367B3CCBAE3AF86B3D5092 /* PriorityScheduler.swift in Sources */ = {isa = PBXBuildFile; fileRef = 62342DC7A82E1259B8B08EED /* PriorityScheduler.swift */; };
		355A9F4FD75B8CCC48F7BC01 /* CreditEngine.swift in Sources */ = {isa = PBXBuildFile; fileRef = 2DEF3D8189237A7D62DA0BA8 /* CreditEngine.swift */; };
		39EBC2CBDB63026EA7C449B4 /* RouteHandoverManager.swift in Sources */ = {isa = PBXBuildFile; fileRef = 951231D5E755DE8895BD7124 /* RouteHandoverManager.swift */; };
		46CFA47B5FB37E700CF8D835 /* TrustNetwork.swift in Sources */ = {isa = PBXBuildFile; fileRef = D8C34165B0D198FC691AE139 /* TrustNetwork.swift */; };
		47EF058726D036540CB81D35 /* UpdateViews.swift in Sources */ = {isa = PBXBuildFile; fileRef = 602DC9B10E58589E18E0CD70 /* UpdateViews.swift */; };
		4B963173EC0E7AF592CDE526 /* MeshMessageType.swift in Sources */ = {isa = PBXBuildFile; fileRef = D2DE8E55215A58C2120C4405 /* MeshMessageType.swift */; };
		4D18CBEC2C40B4BA1B258E95 /* BackgroundMeshListener.swift in Sources */ = {isa = PBXBuildFile; fileRef = 2FAEB2BC68D5251785796F72 /* BackgroundMeshListener.swift */; };
		4F8DF55227A1D7FBC5ACFAD5 /* SummerSparkApp.swift in Sources */ = {isa = PBXBuildFile; fileRef = 11FD4DF938D24B67263656AB /* SummerSparkApp.swift */; };
		4FE951BF91CD1A50F067523E /* WiFiService.swift in Sources */ = {isa = PBXBuildFile; fileRef = 96088AB8CBF8CF5C566AE498 /* WiFiService.swift */; };
		51686D15F594655F2FD76DF7 /* PathPlanner.swift in Sources */ = {isa = PBXBuildFile; fileRef = 7E273769AFF26E02A4E6F020 /* PathPlanner.swift */; };
		5260B1AE8A0AA91FC1132DE4 /* ContentView.swift in Sources */ = {isa = PBXBuildFile; fileRef = C870FCBEF85581B599E4CA3B /* ContentView.swift */; };
		544A3274DE11D5F07731684A /* EmergencyModels.swift in Sources */ = {isa = PBXBuildFile; fileRef = 3C6CEFD4505FF1F9C040275E /* EmergencyModels.swift */; };
		549876F0E46949E697CEE481 /* MeshRelayProtocols.swift in Sources */ = {isa = PBXBuildFile; fileRef = 04EFE340971BFA520B4E865E /* MeshRelayProtocols.swift */; };
		54C6544773252F7BF245850C /* OfflineMapManager.swift in Sources */ = {isa = PBXBuildFile; fileRef = 442A105684A6E24BD0436954 /* OfflineMapManager.swift */; };
		56BD5A8801B5EB691F723614 /* EmergencyChannel.swift in Sources */ = {isa = PBXBuildFile; fileRef = CB11CF5AE142747BD92FED00 /* EmergencyChannel.swift */; };
		5ACE88DC719B45369D85CD7A /* RescueCoordinator.swift in Sources */ = {isa = PBXBuildFile; fileRef = 8FCE5B1F0DB50B478E508C45 /* RescueCoordinator.swift */; };
		5E68C9EB559E3FC2E14F2738 /* SocialModels.swift in Sources */ = {isa = PBXBuildFile; fileRef = 6D52F83B99138133015127BC /* SocialModels.swift */; };
		5E7A54239FBE3C61313BDD94 /* UsernameValidator.swift in Sources */ = {isa = PBXBuildFile; fileRef = 7A136164FB90DCA46F5062D6 /* UsernameValidator.swift */; };
		5F709023263E0307937A26D4 /* SplashScreen.swift in Sources */ = {isa = PBXBuildFile; fileRef = C055FDB2C1BC76EBBC4DE7DD /* SplashScreen.swift */; };
		6146D26BD063B4B5B85DD1BC /* ContourRenderer.swift in Sources */ = {isa = PBXBuildFile; fileRef = 62373BA01A255B107003A869 /* ContourRenderer.swift */; };
		638869712B31398A694AD581 /* SecureEnclaveManager.swift in Sources */ = {isa = PBXBuildFile; fileRef = 1FF43A4996AF194424462B1A /* SecureEnclaveManager.swift */; };
		66407BA00E2FCBD7F6CD40AF /* TrackRecorder.swift in Sources */ = {isa = PBXBuildFile; fileRef = 4F7F525C70A73849F51AC716 /* TrackRecorder.swift */; };
		6C14383CCD851BAE5A3FA23B /* BluetoothService.swift in Sources */ = {isa = PBXBuildFile; fileRef = 5A163FBF71E2B35BC085492E /* BluetoothService.swift */; };
		6C57A434F6D1A42AB501E9FB /* ServiceProtocols.swift in Sources */ = {isa = PBXBuildFile; fileRef = DEF28DAC708820F02AB0C93C /* ServiceProtocols.swift */; };
		6CBD4867AE4639374EA5FE11 /* GeoModels.swift in Sources */ = {isa = PBXBuildFile; fileRef = 63A352E2C2A262CA05469FEB /* GeoModels.swift */; };
		74A62E2B1B497C89191CCE0E /* MapPackageP2P.swift in Sources */ = {isa = PBXBuildFile; fileRef = 55C416CFA1133AFDB369E387 /* MapPackageP2P.swift */; };
		771F1162095406993F6D6E6E /* EvacuationPlanner.swift in Sources */ = {isa = PBXBuildFile; fileRef = B5F4902EAB2C6DC516F9A612 /* EvacuationPlanner.swift */; };
		77505194B2802AFA951E2367 /* SceneDelegate.swift in Sources */ = {isa = PBXBuildFile; fileRef = 54EBAD2A6E9CF1B00E30626A /* SceneDelegate.swift */; };
		7A32A15AC55C1A335B91E31B /* PushToTalkButton.swift in Sources */ = {isa = PBXBuildFile; fileRef = C16E778AE8B9DC9DCBD244C2 /* PushToTalkButton.swift */; };
		811A89929F4A481365E6A7D3 /* CryptoEngine.swift in Sources */ = {isa = PBXBuildFile; fileRef = 573DB2DBA4F6526D4D6E860A /* CryptoEngine.swift */; };
		84E45ECFB08DCA7D5EC39FB1 /* MapView.swift in Sources */ = {isa = PBXBuildFile; fileRef = AE9E3C7D4BA6817E4043BF64 /* MapView.swift */; };
		855B906FCE0B71507352C480 /* VictimMarker.swift in Sources */ = {isa = PBXBuildFile; fileRef = FA96BF6AA02F34FB1C6BA0D0 /* VictimMarker.swift */; };
		859DA81900B80F2689BBAAA7 /* VoiceCallManager.swift in Sources */ = {isa = PBXBuildFile; fileRef = 1E628ABC3CB7E28E2C83D446 /* VoiceCallManager.swift */; };
		87D960C0FD1CAC01D9D42280 /* LocationManager.swift in Sources */ = {isa = PBXBuildFile; fileRef = 97418BF190428DEA652E3675 /* LocationManager.swift */; };
		890F699537B9C370574BCED2 /* GeoMeshNavigator.swift in Sources */ = {isa = PBXBuildFile; fileRef = 1FE682D14B1887C3D1621534 /* GeoMeshNavigator.swift */; };
		8B9A024B9BE1BEB36D22FE91 /* MapCacheManager.swift in Sources */ = {isa = PBXBuildFile; fileRef = 7866E4614D06A00AF14EADEF /* MapCacheManager.swift */; };
		93DE5EBF259855EAF312B02B /* GeoAddressing.swift in Sources */ = {isa = PBXBuildFile; fileRef = 993B393544168128F210982D /* GeoAddressing.swift */; };
		953AFC624575C328F0A8EFF9 /* QoSRouter.swift in Sources */ = {isa = PBXBuildFile; fileRef = E98A703D4B28E7BEA91F8BA8 /* QoSRouter.swift */; };
		98EC2AD1B90A04E44A96FBA4 /* AudioCodec.swift in Sources */ = {isa = PBXBuildFile; fileRef = B8B0E60C307C6E2B0247F8EF /* AudioCodec.swift */; };
		990A902F409FA0F9738D960B /* Logger.swift in Sources */ = {isa = PBXBuildFile; fileRef = 3C5AFF2162A771F4B5763629 /* Logger.swift */; };
		9A4995F51F314935D77BCAC0 /* RouteTable.swift in Sources */ = {isa = PBXBuildFile; fileRef = 9F328CF87E70ECA105B7F9F9 /* RouteTable.swift */; };
		9B6520284A65EFA7E9815A69 /* SOSManager.swift in Sources */ = {isa = PBXBuildFile; fileRef = 55B8C8FCF1A4A140B62C38A4 /* SOSManager.swift */; };
		9BCEA201FA88782028EF81DE /* UIDGenerator.swift in Sources */ = {isa = PBXBuildFile; fileRef = AA2596A86288D658D5502C81 /* UIDGenerator.swift */; };
		9EB245D69E8E6BFD1839C641 /* IncomingCallView.swift in Sources */ = {isa = PBXBuildFile; fileRef = A9C15AF5224C7CDB4C706D58 /* IncomingCallView.swift */; };
		A1B07B415AC90688EC6111BF /* MeshService.swift in Sources */ = {isa = PBXBuildFile; fileRef = 14B48C44ECE5BC9DF9A79F73 /* MeshService.swift */; };
		A38E720C7911497ECA20916A /* Extensions.swift in Sources */ = {isa = PBXBuildFile; fileRef = 3FDBA060EB076DFA292D381F /* Extensions.swift */; };
		A5C283FB3DA52D124305AB4A /* Assets.xcassets in Resources */ = {isa = PBXBuildFile; fileRef = 19C8B363287DD6FF1EEF2D31 /* Assets.xcassets */; };
		AF1186FEC7D21413DA2A16E1 /* AntiAttackGuard.swift in Sources */ = {isa = PBXBuildFile; fileRef = EEAEFE3B6A151B6C0841C5EA /* AntiAttackGuard.swift */; };
		AFBA371B84F80B74EC0A4EBD /* UserStatusManager.swift in Sources */ = {isa = PBXBuildFile; fileRef = 3585F28D054D9BBEDDAF92D7 /* UserStatusManager.swift */; };
		B15536164D88EC3D17CD05C1 /* InteractionHistory.swift in Sources */ = {isa = PBXBuildFile; fileRef = DB11DAD259EF088BC0572F4C /* InteractionHistory.swift */; };
		B3C7D31B8B0D1C8ED22480A1 /* SOSButton.swift in Sources */ = {isa = PBXBuildFile; fileRef = 5204D97D6404B9011EB22AC6 /* SOSButton.swift */; };
		B4F3EC7B880F939EF564B708 /* AdaptiveBeaconController.swift in Sources */ = {isa = PBXBuildFile; fileRef = ED710FF3E406F8F7169E5293 /* AdaptiveBeaconController.swift */; };
		B4F60E6924C28A65957B1F36 /* QoSModels.swift in Sources */ = {isa = PBXBuildFile; fileRef = F85660C14AE90115A2D12B89 /* QoSModels.swift */; };
		B7AE4148E76D221BB5007294 /* SharedModels.swift in Sources */ = {isa = PBXBuildFile; fileRef = CC7C8C4B6BE895F7BD154C42 /* SharedModels.swift */; };
		B7EEFADF8B6D881BBECDFD1F /* CoordinateTransformer.swift in Sources */ = {isa = PBXBuildFile; fileRef = 523C52B4E591765F49A36011 /* CoordinateTransformer.swift */; };
		BE687545F0336567C59AFC57 /* IdentityManager.swift in Sources */ = {isa = PBXBuildFile; fileRef = 5C933A2BD61217AACDF75292 /* IdentityManager.swift */; };
		C3763D01EFB8178E085A8E6A /* ContactPriority.swift in Sources */ = {isa = PBXBuildFile; fileRef = A98D0B52BE09FCD2BD41B7BE /* ContactPriority.swift */; };
		CB39C0FC5631C7EABBBFF7AE /* KeychainHelper.swift in Sources */ = {isa = PBXBuildFile; fileRef = BEED88770AEACDE39B2798B6 /* KeychainHelper.swift */; };
		CECBACE5D38EBF0E90C9CC8C /* TileIntegrityVerifier.swift in Sources */ = {isa = PBXBuildFile; fileRef = 17D767EA182724FDEBE8014D /* TileIntegrityVerifier.swift */; };
		CFC3C6B61FFFE71FB2899A91 /* AutoUpdater.swift in Sources */ = {isa = PBXBuildFile; fileRef = AD6AC2D8BC8BE0E2CE01D37F /* AutoUpdater.swift */; };
		D333E64E9D78DC81D220FD35 /* EncryptedCache.swift in Sources */ = {isa = PBXBuildFile; fileRef = 0CEA0A0E56CCC0CEBC1C9F07 /* EncryptedCache.swift */; };
		D661DD26741CCC33652A3951 /* LanguageManager.swift in Sources */ = {isa = PBXBuildFile; fileRef = F32F26F26247F23121FEDCD9 /* LanguageManager.swift */; };
		DD4C3F8ADF7CF6092006E602 /* SettingsView.swift in Sources */ = {isa = PBXBuildFile; fileRef = 4F3CE8AB4081974CC38ABEF1 /* SettingsView.swift */; };
		DFB9873628A6C9135395EE57 /* CreditSyncManager.swift in Sources */ = {isa = PBXBuildFile; fileRef = A6359FCDA70B449265545A8C /* CreditSyncManager.swift */; };
		E250059C8F4717B72729C9C9 /* PowerSaveManager.swift in Sources */ = {isa = PBXBuildFile; fileRef = 5B4F30614D4ACF163134DD62 /* PowerSaveManager.swift */; };
		E33961916E975414DC7EDB1F /* DatabaseManager.swift in Sources */ = {isa = PBXBuildFile; fileRef = B0D999311B7B835CB217D069 /* DatabaseManager.swift */; };
		EA1BC36CD10750193741C1FE /* ObserverProtocols.swift in Sources */ = {isa = PBXBuildFile; fileRef = 33B4AC93FD57D7FC9F3BB835 /* ObserverProtocols.swift */; };
		EAA30B26A5B683F63D5785AE /* MapRelayService.swift in Sources */ = {isa = PBXBuildFile; fileRef = 055D012F8018D1E231FCF4F9 /* MapRelayService.swift */; };
		EB411951005289C41191D2F8 /* GroupVoiceMixer.swift in Sources */ = {isa = PBXBuildFile; fileRef = 0D5C2796BBA1CD22D6ECFE31 /* GroupVoiceMixer.swift */; };
		EBBFB1EF85E383837894C64D /* Localizable.strings in Resources */ = {isa = PBXBuildFile; fileRef = 0E4552507835A75973FBDD6D /* Localizable.strings */; };
		EE5ED4F2FF88E01B38986535 /* UIStateManagers.swift in Sources */ = {isa = PBXBuildFile; fileRef = CD768332A67A3D472D8B2959 /* UIStateManagers.swift */; };
		EF0861C76B279103DF8D3F15 /* GroupStore.swift in Sources */ = {isa = PBXBuildFile; fileRef = 2A93AFEE76567ED8352F5E3A /* GroupStore.swift */; };
		F0C0CA784596A1EA06A23D9C /* EncryptedPackage.swift in Sources */ = {isa = PBXBuildFile; fileRef = 8D6BC2852851878B44107929 /* EncryptedPackage.swift */; };
		F15C503FD8439AB4D255C9A7 /* VoiceService.swift in Sources */ = {isa = PBXBuildFile; fileRef = 4E9636DBE4E24FBFFC2B7DFD /* VoiceService.swift */; };
		F314111CA97BBF5E61770606 /* CreditCalculator.swift in Sources */ = {isa = PBXBuildFile; fileRef = 4A37E29F4500C621178D32A0 /* CreditCalculator.swift */; };
		F88215840F03CD3F9CC39E69 /* AppMode.swift in Sources */ = {isa = PBXBuildFile; fileRef = B0FC44A9A84B8EDA5B49A7FB /* AppMode.swift */; };
/* End PBXBuildFile section */

/* Begin PBXFileReference section */
		04EFE340971BFA520B4E865E /* MeshRelayProtocols.swift */ = {isa = PBXFileReference; lastKnownFileType = sourcecode.swift; path = MeshRelayProtocols.swift; sourceTree = "<group>"; };
		055D012F8018D1E231FCF4F9 /* MapRelayService.swift */ = {isa = PBXFileReference; lastKnownFileType = sourcecode.swift; path = MapRelayService.swift; sourceTree = "<group>"; };
		0CEA0A0E56CCC0CEBC1C9F07 /* EncryptedCache.swift */ = {isa = PBXFileReference; lastKnownFileType = sourcecode.swift; path = EncryptedCache.swift; sourceTree = "<group>"; };
		0D5C2796BBA1CD22D6ECFE31 /* GroupVoiceMixer.swift */ = {isa = PBXFileReference; lastKnownFileType = sourcecode.swift; path = GroupVoiceMixer.swift; sourceTree = "<group>"; };
		11FD4DF938D24B67263656AB /* SummerSparkApp.swift */ = {isa = PBXFileReference; lastKnownFileType = sourcecode.swift; path = SummerSparkApp.swift; sourceTree = "<group>"; };
		14B48C44ECE5BC9DF9A79F73 /* MeshService.swift */ = {isa = PBXFileReference; lastKnownFileType = sourcecode.swift; path = MeshService.swift; sourceTree = "<group>"; };
		17D767EA182724FDEBE8014D /* TileIntegrityVerifier.swift */ = {isa = PBXFileReference; lastKnownFileType = sourcecode.swift; path = TileIntegrityVerifier.swift; sourceTree = "<group>"; };
		19C8B363287DD6FF1EEF2D31 /* Assets.xcassets */ = {isa = PBXFileReference; lastKnownFileType = folder.assetcatalog; path = Assets.xcassets; sourceTree = "<group>"; };
		1E628ABC3CB7E28E2C83D446 /* VoiceCallManager.swift */ = {isa = PBXFileReference; lastKnownFileType = sourcecode.swift; path = VoiceCallManager.swift; sourceTree = "<group>"; };
		1FE682D14B1887C3D1621534 /* GeoMeshNavigator.swift */ = {isa = PBXFileReference; lastKnownFileType = sourcecode.swift; path = GeoMeshNavigator.swift; sourceTree = "<group>"; };
		1FF43A4996AF194424462B1A /* SecureEnclaveManager.swift */ = {isa = PBXFileReference; lastKnownFileType = sourcecode.swift; path = SecureEnclaveManager.swift; sourceTree = "<group>"; };
		2A93AFEE76567ED8352F5E3A /* GroupStore.swift */ = {isa = PBXFileReference; lastKnownFileType = sourcecode.swift; path = GroupStore.swift; sourceTree = "<group>"; };
		2DEF3D8189237A7D62DA0BA8 /* CreditEngine.swift */ = {isa = PBXFileReference; lastKnownFileType = sourcecode.swift; path = CreditEngine.swift; sourceTree = "<group>"; };
		2E0F4B790BD5565FD9190A85 /* MapService.swift */ = {isa = PBXFileReference; lastKnownFileType = sourcecode.swift; path = MapService.swift; sourceTree = "<group>"; };
		2FAEB2BC68D5251785796F72 /* BackgroundMeshListener.swift */ = {isa = PBXFileReference; lastKnownFileType = sourcecode.swift; path = BackgroundMeshListener.swift; sourceTree = "<group>"; };
		33B4AC93FD57D7FC9F3BB835 /* ObserverProtocols.swift */ = {isa = PBXFileReference; lastKnownFileType = sourcecode.swift; path = ObserverProtocols.swift; sourceTree = "<group>"; };
		3585F28D054D9BBEDDAF92D7 /* UserStatusManager.swift */ = {isa = PBXFileReference; lastKnownFileType = sourcecode.swift; path = UserStatusManager.swift; sourceTree = "<group>"; };
		3B2938C014534B18E82AC39D /* ConnectivitySwitchManager.swift */ = {isa = PBXFileReference; lastKnownFileType = sourcecode.swift; path = ConnectivitySwitchManager.swift; sourceTree = "<group>"; };
		3C5AFF2162A771F4B5763629 /* Logger.swift */ = {isa = PBXFileReference; lastKnownFileType = sourcecode.swift; path = Logger.swift; sourceTree = "<group>"; };
		3C6CEFD4505FF1F9C040275E /* EmergencyModels.swift */ = {isa = PBXFileReference; lastKnownFileType = sourcecode.swift; path = EmergencyModels.swift; sourceTree = "<group>"; };
		3FDBA060EB076DFA292D381F /* Extensions.swift */ = {isa = PBXFileReference; lastKnownFileType = sourcecode.swift; path = Extensions.swift; sourceTree = "<group>"; };
		442A105684A6E24BD0436954 /* OfflineMapManager.swift */ = {isa = PBXFileReference; lastKnownFileType = sourcecode.swift; path = OfflineMapManager.swift; sourceTree = "<group>"; };
		4A37E29F4500C621178D32A0 /* CreditCalculator.swift */ = {isa = PBXFileReference; lastKnownFileType = sourcecode.swift; path = CreditCalculator.swift; sourceTree = "<group>"; };
		4E9636DBE4E24FBFFC2B7DFD /* VoiceService.swift */ = {isa = PBXFileReference; lastKnownFileType = sourcecode.swift; path = VoiceService.swift; sourceTree = "<group>"; };
		4F3CE8AB4081974CC38ABEF1 /* SettingsView.swift */ = {isa = PBXFileReference; lastKnownFileType = sourcecode.swift; path = SettingsView.swift; sourceTree = "<group>"; };
		4F7F525C70A73849F51AC716 /* TrackRecorder.swift */ = {isa = PBXFileReference; lastKnownFileType = sourcecode.swift; path = TrackRecorder.swift; sourceTree = "<group>"; };
		5204D97D6404B9011EB22AC6 /* SOSButton.swift */ = {isa = PBXFileReference; lastKnownFileType = sourcecode.swift; path = SOSButton.swift; sourceTree = "<group>"; };
		523C52B4E591765F49A36011 /* CoordinateTransformer.swift */ = {isa = PBXFileReference; lastKnownFileType = sourcecode.swift; path = CoordinateTransformer.swift; sourceTree = "<group>"; };
		54EBAD2A6E9CF1B00E30626A /* SceneDelegate.swift */ = {isa = PBXFileReference; lastKnownFileType = sourcecode.swift; path = SceneDelegate.swift; sourceTree = "<group>"; };
		55B8C8FCF1A4A140B62C38A4 /* SOSManager.swift */ = {isa = PBXFileReference; lastKnownFileType = sourcecode.swift; path = SOSManager.swift; sourceTree = "<group>"; };
		55C416CFA1133AFDB369E387 /* MapPackageP2P.swift */ = {isa = PBXFileReference; lastKnownFileType = sourcecode.swift; path = MapPackageP2P.swift; sourceTree = "<group>"; };
		573DB2DBA4F6526D4D6E860A /* CryptoEngine.swift */ = {isa = PBXFileReference; lastKnownFileType = sourcecode.swift; path = CryptoEngine.swift; sourceTree = "<group>"; };
		5A163FBF71E2B35BC085492E /* BluetoothService.swift */ = {isa = PBXFileReference; lastKnownFileType = sourcecode.swift; path = BluetoothService.swift; sourceTree = "<group>"; };
		5B4F30614D4ACF163134DD62 /* PowerSaveManager.swift */ = {isa = PBXFileReference; lastKnownFileType = sourcecode.swift; path = PowerSaveManager.swift; sourceTree = "<group>"; };
		5C933A2BD61217AACDF75292 /* IdentityManager.swift */ = {isa = PBXFileReference; lastKnownFileType = sourcecode.swift; path = IdentityManager.swift; sourceTree = "<group>"; };
		602DC9B10E58589E18E0CD70 /* UpdateViews.swift */ = {isa = PBXFileReference; lastKnownFileType = sourcecode.swift; path = UpdateViews.swift; sourceTree = "<group>"; };
		62342DC7A82E1259B8B08EED /* PriorityScheduler.swift */ = {isa = PBXFileReference; lastKnownFileType = sourcecode.swift; path = PriorityScheduler.swift; sourceTree = "<group>"; };
		62373BA01A255B107003A869 /* ContourRenderer.swift */ = {isa = PBXFileReference; lastKnownFileType = sourcecode.swift; path = ContourRenderer.swift; sourceTree = "<group>"; };
		63A352E2C2A262CA05469FEB /* GeoModels.swift */ = {isa = PBXFileReference; lastKnownFileType = sourcecode.swift; path = GeoModels.swift; sourceTree = "<group>"; };
		6C3AE7CF2CCA513AD4423E60 /* CreditQoSController.swift */ = {isa = PBXFileReference; lastKnownFileType = sourcecode.swift; path = CreditQoSController.swift; sourceTree = "<group>"; };
		6D52F83B99138133015127BC /* SocialModels.swift */ = {isa = PBXFileReference; lastKnownFileType = sourcecode.swift; path = SocialModels.swift; sourceTree = "<group>"; };
		721E45379F7B8B8CB7F9708E /* Info.plist */ = {isa = PBXFileReference; lastKnownFileType = text.plist; path = Info.plist; sourceTree = "<group>"; };
		7866E4614D06A00AF14EADEF /* MapCacheManager.swift */ = {isa = PBXFileReference; lastKnownFileType = sourcecode.swift; path = MapCacheManager.swift; sourceTree = "<group>"; };
		7A136164FB90DCA46F5062D6 /* UsernameValidator.swift */ = {isa = PBXFileReference; lastKnownFileType = sourcecode.swift; path = UsernameValidator.swift; sourceTree = "<group>"; };
		7E273769AFF26E02A4E6F020 /* PathPlanner.swift */ = {isa = PBXFileReference; lastKnownFileType = sourcecode.swift; path = PathPlanner.swift; sourceTree = "<group>"; };
		8D6BC2852851878B44107929 /* EncryptedPackage.swift */ = {isa = PBXFileReference; lastKnownFileType = sourcecode.swift; path = EncryptedPackage.swift; sourceTree = "<group>"; };
		8FCE5B1F0DB50B478E508C45 /* RescueCoordinator.swift */ = {isa = PBXFileReference; lastKnownFileType = sourcecode.swift; path = RescueCoordinator.swift; sourceTree = "<group>"; };
		951231D5E755DE8895BD7124 /* RouteHandoverManager.swift */ = {isa = PBXFileReference; lastKnownFileType = sourcecode.swift; path = RouteHandoverManager.swift; sourceTree = "<group>"; };
		96088AB8CBF8CF5C566AE498 /* WiFiService.swift */ = {isa = PBXFileReference; lastKnownFileType = sourcecode.swift; path = WiFiService.swift; sourceTree = "<group>"; };
		97418BF190428DEA652E3675 /* LocationManager.swift */ = {isa = PBXFileReference; lastKnownFileType = sourcecode.swift; path = LocationManager.swift; sourceTree = "<group>"; };
		993B393544168128F210982D /* GeoAddressing.swift */ = {isa = PBXFileReference; lastKnownFileType = sourcecode.swift; path = GeoAddressing.swift; sourceTree = "<group>"; };
		9F328CF87E70ECA105B7F9F9 /* RouteTable.swift */ = {isa = PBXFileReference; lastKnownFileType = sourcecode.swift; path = RouteTable.swift; sourceTree = "<group>"; };
		A61A02C4F7A6ABF00CA84AAF /* ReputationTracker.swift */ = {isa = PBXFileReference; lastKnownFileType = sourcecode.swift; path = ReputationTracker.swift; sourceTree = "<group>"; };
		A6359FCDA70B449265545A8C /* CreditSyncManager.swift */ = {isa = PBXFileReference; lastKnownFileType = sourcecode.swift; path = CreditSyncManager.swift; sourceTree = "<group>"; };
		A98D0B52BE09FCD2BD41B7BE /* ContactPriority.swift */ = {isa = PBXFileReference; lastKnownFileType = sourcecode.swift; path = ContactPriority.swift; sourceTree = "<group>"; };
		A9C15AF5224C7CDB4C706D58 /* IncomingCallView.swift */ = {isa = PBXFileReference; lastKnownFileType = sourcecode.swift; path = IncomingCallView.swift; sourceTree = "<group>"; };
		AA0A305890202BF66BDA81E0 /* en */ = {isa = PBXFileReference; lastKnownFileType = text.plist.strings; name = en; path = en.lproj/Localizable.strings; sourceTree = "<group>"; };
		AA2596A86288D658D5502C81 /* UIDGenerator.swift */ = {isa = PBXFileReference; lastKnownFileType = sourcecode.swift; path = UIDGenerator.swift; sourceTree = "<group>"; };
		ABA19335B140E4AE59C6CE00 /* VoiceSession.swift */ = {isa = PBXFileReference; lastKnownFileType = sourcecode.swift; path = VoiceSession.swift; sourceTree = "<group>"; };
		AD3B81187B5622CF1BC02CD6 /* SummerSpark.app */ = {isa = PBXFileReference; includeInIndex = 0; lastKnownFileType = wrapper.application; path = SummerSpark.app; sourceTree = BUILT_PRODUCTS_DIR; };
		AD6AC2D8BC8BE0E2CE01D37F /* AutoUpdater.swift */ = {isa = PBXFileReference; lastKnownFileType = sourcecode.swift; path = AutoUpdater.swift; sourceTree = "<group>"; };
		AE110374026BF49593FD9127 /* Constants.swift */ = {isa = PBXFileReference; lastKnownFileType = sourcecode.swift; path = Constants.swift; sourceTree = "<group>"; };
		AE9E3C7D4BA6817E4043BF64 /* MapView.swift */ = {isa = PBXFileReference; lastKnownFileType = sourcecode.swift; path = MapView.swift; sourceTree = "<group>"; };
		B0D999311B7B835CB217D069 /* DatabaseManager.swift */ = {isa = PBXFileReference; lastKnownFileType = sourcecode.swift; path = DatabaseManager.swift; sourceTree = "<group>"; };
		B0FC44A9A84B8EDA5B49A7FB /* AppMode.swift */ = {isa = PBXFileReference; lastKnownFileType = sourcecode.swift; path = AppMode.swift; sourceTree = "<group>"; };
		B5F4902EAB2C6DC516F9A612 /* EvacuationPlanner.swift */ = {isa = PBXFileReference; lastKnownFileType = sourcecode.swift; path = EvacuationPlanner.swift; sourceTree = "<group>"; };
		B8B0E60C307C6E2B0247F8EF /* AudioCodec.swift */ = {isa = PBXFileReference; lastKnownFileType = sourcecode.swift; path = AudioCodec.swift; sourceTree = "<group>"; };
		BEED88770AEACDE39B2798B6 /* KeychainHelper.swift */ = {isa = PBXFileReference; lastKnownFileType = sourcecode.swift; path = KeychainHelper.swift; sourceTree = "<group>"; };
		C055FDB2C1BC76EBBC4DE7DD /* SplashScreen.swift */ = {isa = PBXFileReference; lastKnownFileType = sourcecode.swift; path = SplashScreen.swift; sourceTree = "<group>"; };
		C16E778AE8B9DC9DCBD244C2 /* PushToTalkButton.swift */ = {isa = PBXFileReference; lastKnownFileType = sourcecode.swift; path = PushToTalkButton.swift; sourceTree = "<group>"; };
		C870FCBEF85581B599E4CA3B /* ContentView.swift */ = {isa = PBXFileReference; lastKnownFileType = sourcecode.swift; path = ContentView.swift; sourceTree = "<group>"; };
		CB11CF5AE142747BD92FED00 /* EmergencyChannel.swift */ = {isa = PBXFileReference; lastKnownFileType = sourcecode.swift; path = EmergencyChannel.swift; sourceTree = "<group>"; };
		CC7C8C4B6BE895F7BD154C42 /* SharedModels.swift */ = {isa = PBXFileReference; lastKnownFileType = sourcecode.swift; path = SharedModels.swift; sourceTree = "<group>"; };
		CCD6FA0DB24273B0B8A81373 /* RescueDashboard.swift */ = {isa = PBXFileReference; lastKnownFileType = sourcecode.swift; path = RescueDashboard.swift; sourceTree = "<group>"; };
		CD768332A67A3D472D8B2959 /* UIStateManagers.swift */ = {isa = PBXFileReference; lastKnownFileType = sourcecode.swift; path = UIStateManagers.swift; sourceTree = "<group>"; };
		CFE79ACBECD037B8426A5B04 /* NavigationEngine.swift */ = {isa = PBXFileReference; lastKnownFileType = sourcecode.swift; path = NavigationEngine.swift; sourceTree = "<group>"; };
		D08FD4C7B83578F07F5F956F /* zh-Hans */ = {isa = PBXFileReference; lastKnownFileType = text.plist.strings; name = "zh-Hans"; path = "zh-Hans.lproj/Localizable.strings"; sourceTree = "<group>"; };
		D2DE8E55215A58C2120C4405 /* MeshMessageType.swift */ = {isa = PBXFileReference; lastKnownFileType = sourcecode.swift; path = MeshMessageType.swift; sourceTree = "<group>"; };
		D8C34165B0D198FC691AE139 /* TrustNetwork.swift */ = {isa = PBXFileReference; lastKnownFileType = sourcecode.swift; path = TrustNetwork.swift; sourceTree = "<group>"; };
		D97F700EEBB7BA1F99D5A76C /* RouteStabilityMonitor.swift */ = {isa = PBXFileReference; lastKnownFileType = sourcecode.swift; path = RouteStabilityMonitor.swift; sourceTree = "<group>"; };
		DB11DAD259EF088BC0572F4C /* InteractionHistory.swift */ = {isa = PBXFileReference; lastKnownFileType = sourcecode.swift; path = InteractionHistory.swift; sourceTree = "<group>"; };
		DEF28DAC708820F02AB0C93C /* ServiceProtocols.swift */ = {isa = PBXFileReference; lastKnownFileType = sourcecode.swift; path = ServiceProtocols.swift; sourceTree = "<group>"; };
		E98A703D4B28E7BEA91F8BA8 /* QoSRouter.swift */ = {isa = PBXFileReference; lastKnownFileType = sourcecode.swift; path = QoSRouter.swift; sourceTree = "<group>"; };
		ED710FF3E406F8F7169E5293 /* AdaptiveBeaconController.swift */ = {isa = PBXFileReference; lastKnownFileType = sourcecode.swift; path = AdaptiveBeaconController.swift; sourceTree = "<group>"; };
		EEAEFE3B6A151B6C0841C5EA /* AntiAttackGuard.swift */ = {isa = PBXFileReference; lastKnownFileType = sourcecode.swift; path = AntiAttackGuard.swift; sourceTree = "<group>"; };
		F32F26F26247F23121FEDCD9 /* LanguageManager.swift */ = {isa = PBXFileReference; lastKnownFileType = sourcecode.swift; path = LanguageManager.swift; sourceTree = "<group>"; };
		F85660C14AE90115A2D12B89 /* QoSModels.swift */ = {isa = PBXFileReference; lastKnownFileType = sourcecode.swift; path = QoSModels.swift; sourceTree = "<group>"; };
		FA96BF6AA02F34FB1C6BA0D0 /* VictimMarker.swift */ = {isa = PBXFileReference; lastKnownFileType = sourcecode.swift; path = VictimMarker.swift; sourceTree = "<group>"; };
/* End PBXFileReference section */

/* Begin PBXGroup section */
		01E6DEA69982590E22A70E36 /* Social */ = {
			isa = PBXGroup;
			children = (
				A98D0B52BE09FCD2BD41B7BE /* ContactPriority.swift */,
				DB11DAD259EF088BC0572F4C /* InteractionHistory.swift */,
				D8C34165B0D198FC691AE139 /* TrustNetwork.swift */,
				3585F28D054D9BBEDDAF92D7 /* UserStatusManager.swift */,
			);
			path = Social;
			sourceTree = "<group>";
		};
		1100B87485F0F8093DA40AFF /* Emergency */ = {
			isa = PBXGroup;
			children = (
				CB11CF5AE142747BD92FED00 /* EmergencyChannel.swift */,
				B5F4902EAB2C6DC516F9A612 /* EvacuationPlanner.swift */,
				8FCE5B1F0DB50B478E508C45 /* RescueCoordinator.swift */,
				55B8C8FCF1A4A140B62C38A4 /* SOSManager.swift */,
				FA96BF6AA02F34FB1C6BA0D0 /* VictimMarker.swift */,
			);
			path = Emergency;
			sourceTree = "<group>";
		};
		14B4AE05890A5EA9A4F975E8 /* Models */ = {
			isa = PBXGroup;
			children = (
				B0FC44A9A84B8EDA5B49A7FB /* AppMode.swift */,
				3C6CEFD4505FF1F9C040275E /* EmergencyModels.swift */,
				63A352E2C2A262CA05469FEB /* GeoModels.swift */,
				D2DE8E55215A58C2120C4405 /* MeshMessageType.swift */,
				F85660C14AE90115A2D12B89 /* QoSModels.swift */,
				CC7C8C4B6BE895F7BD154C42 /* SharedModels.swift */,
				6D52F83B99138133015127BC /* SocialModels.swift */,
			);
			path = Models;
			sourceTree = "<group>";
		};
		3459471A5E763DB0527A8E07 /* Location */ = {
			isa = PBXGroup;
			children = (
				97418BF190428DEA652E3675 /* LocationManager.swift */,
				4F7F525C70A73849F51AC716 /* TrackRecorder.swift */,
			);
			path = Location;
			sourceTree = "<group>";
		};
		3EB258CC8BD30CD237609C0B /* UI */ = {
			isa = PBXGroup;
			children = (
				CCD6FA0DB24273B0B8A81373 /* RescueDashboard.swift */,
				5204D97D6404B9011EB22AC6 /* SOSButton.swift */,
			);
			path = UI;
			sourceTree = "<group>";
		};
		44FC33AAA42D60D4092E8850 /* Identity */ = {
			isa = PBXGroup;
			children = (
				5C933A2BD61217AACDF75292 /* IdentityManager.swift */,
				BEED88770AEACDE39B2798B6 /* KeychainHelper.swift */,
				1FF43A4996AF194424462B1A /* SecureEnclaveManager.swift */,
				AA2596A86288D658D5502C81 /* UIDGenerator.swift */,
				7A136164FB90DCA46F5062D6 /* UsernameValidator.swift */,
			);
			path = Identity;
			sourceTree = "<group>";
		};
		4C8AF09C0597BC38836F4D19 /* Resources */ = {
			isa = PBXGroup;
			children = (
				0E4552507835A75973FBDD6D /* Localizable.strings */,
				19C8B363287DD6FF1EEF2D31 /* Assets.xcassets */,
			);
			path = Resources;
			sourceTree = "<group>";
		};
		4E57C45F9A9A4AA25F8F02E1 /* src */ = {
			isa = PBXGroup;
			children = (
				BD1C841A56CF886F0E9EC882 /* App */,
				DE4DA9D4A084DEC00073B442 /* Modules */,
				4C8AF09C0597BC38836F4D19 /* Resources */,
				951B2379D31D637083B73C4B /* Shared */,
			);
			path = src;
			sourceTree = "<group>";
		};
		5FE74384837E32E511E5E096 /* Power */ = {
			isa = PBXGroup;
			children = (
				ED710FF3E406F8F7169E5293 /* AdaptiveBeaconController.swift */,
				2FAEB2BC68D5251785796F72 /* BackgroundMeshListener.swift */,
				5B4F30614D4ACF163134DD62 /* PowerSaveManager.swift */,
			);
			path = Power;
			sourceTree = "<group>";
		};
		640BEF825AB5CA788BCF33D2 /* Utils */ = {
			isa = PBXGroup;
			children = (
				AE110374026BF49593FD9127 /* Constants.swift */,
				523C52B4E591765F49A36011 /* CoordinateTransformer.swift */,
				3FDBA060EB076DFA292D381F /* Extensions.swift */,
				F32F26F26247F23121FEDCD9 /* LanguageManager.swift */,
				3C5AFF2162A771F4B5763629 /* Logger.swift */,
			);
			path = Utils;
			sourceTree = "<group>";
		};
		646F5D543371AC328B7B08A3 /* Storage */ = {
			isa = PBXGroup;
			children = (
				B0D999311B7B835CB217D069 /* DatabaseManager.swift */,
				0CEA0A0E56CCC0CEBC1C9F07 /* EncryptedCache.swift */,
				2A93AFEE76567ED8352F5E3A /* GroupStore.swift */,
			);
			path = Storage;
			sourceTree = "<group>";
		};
		7CACB2386AF1A5DD93DD5C5A /* Updater */ = {
			isa = PBXGroup;
			children = (
				AD6AC2D8BC8BE0E2CE01D37F /* AutoUpdater.swift */,
				602DC9B10E58589E18E0CD70 /* UpdateViews.swift */,
			);
			path = Updater;
			sourceTree = "<group>";
		};
		8B7B0FA530DC533CFC355F74 /* Protocols */ = {
			isa = PBXGroup;
			children = (
				04EFE340971BFA520B4E865E /* MeshRelayProtocols.swift */,
				33B4AC93FD57D7FC9F3BB835 /* ObserverProtocols.swift */,
				DEF28DAC708820F02AB0C93C /* ServiceProtocols.swift */,
			);
			path = Protocols;
			sourceTree = "<group>";
		};
		951B2379D31D637083B73C4B /* Shared */ = {
			isa = PBXGroup;
			children = (
				14B4AE05890A5EA9A4F975E8 /* Models */,
				8B7B0FA530DC533CFC355F74 /* Protocols */,
				640BEF825AB5CA788BCF33D2 /* Utils */,
			);
			path = Shared;
			sourceTree = "<group>";
		};
		AB36FA329CB5EF2662BD104E /* Map */ = {
			isa = PBXGroup;
			children = (
				62373BA01A255B107003A869 /* ContourRenderer.swift */,
				7866E4614D06A00AF14EADEF /* MapCacheManager.swift */,
				2E0F4B790BD5565FD9190A85 /* MapService.swift */,
				CFE79ACBECD037B8426A5B04 /* NavigationEngine.swift */,
				442A105684A6E24BD0436954 /* OfflineMapManager.swift */,
				7E273769AFF26E02A4E6F020 /* PathPlanner.swift */,
			);
			path = Map;
			sourceTree = "<group>";
		};
		BD1C841A56CF886F0E9EC882 /* App */ = {
			isa = PBXGroup;
			children = (
				C870FCBEF85581B599E4CA3B /* ContentView.swift */,
				721E45379F7B8B8CB7F9708E /* Info.plist */,
				54EBAD2A6E9CF1B00E30626A /* SceneDelegate.swift */,
				4F3CE8AB4081974CC38ABEF1 /* SettingsView.swift */,
				C055FDB2C1BC76EBBC4DE7DD /* SplashScreen.swift */,
				11FD4DF938D24B67263656AB /* SummerSparkApp.swift */,
				CD768332A67A3D472D8B2959 /* UIStateManagers.swift */,
			);
			path = App;
			sourceTree = "<group>";
		};
		C2CC3B9BCD4F6D2B0FA39CE4 /* Mesh */ = {
			isa = PBXGroup;
			children = (
				5A163FBF71E2B35BC085492E /* BluetoothService.swift */,
				3B2938C014534B18E82AC39D /* ConnectivitySwitchManager.swift */,
				14B48C44ECE5BC9DF9A79F73 /* MeshService.swift */,
				E98A703D4B28E7BEA91F8BA8 /* QoSRouter.swift */,
				951231D5E755DE8895BD7124 /* RouteHandoverManager.swift */,
				D97F700EEBB7BA1F99D5A76C /* RouteStabilityMonitor.swift */,
				9F328CF87E70ECA105B7F9F9 /* RouteTable.swift */,
				96088AB8CBF8CF5C566AE498 /* WiFiService.swift */,
			);
			path = Mesh;
			sourceTree = "<group>";
		};
		C69D0D1220552CF680035136 /* Points */ = {
			isa = PBXGroup;
			children = (
				4A37E29F4500C621178D32A0 /* CreditCalculator.swift */,
				2DEF3D8189237A7D62DA0BA8 /* CreditEngine.swift */,
				A6359FCDA70B449265545A8C /* CreditSyncManager.swift */,
			);
			path = Points;
			sourceTree = "<group>";
		};
		C9E4C905BA51328955D6E21A /* MapRelay */ = {
			isa = PBXGroup;
			children = (
				55C416CFA1133AFDB369E387 /* MapPackageP2P.swift */,
				055D012F8018D1E231FCF4F9 /* MapRelayService.swift */,
				17D767EA182724FDEBE8014D /* TileIntegrityVerifier.swift */,
			);
			path = MapRelay;
			sourceTree = "<group>";
		};
		CEC3483CB8A06D65293BD7B7 /* Products */ = {
			isa = PBXGroup;
			children = (
				AD3B81187B5622CF1BC02CD6 /* SummerSpark.app */,
			);
			name = Products;
			sourceTree = "<group>";
		};
		D3772B2B5077F7618867893C /* Scheduler */ = {
			isa = PBXGroup;
			children = (
				6C3AE7CF2CCA513AD4423E60 /* CreditQoSController.swift */,
				62342DC7A82E1259B8B08EED /* PriorityScheduler.swift */,
				A61A02C4F7A6ABF00CA84AAF /* ReputationTracker.swift */,
			);
			path = Scheduler;
			sourceTree = "<group>";
		};
		DC5D5790C784E1BEA41E4B32 /* Crypto */ = {
			isa = PBXGroup;
			children = (
				EEAEFE3B6A151B6C0841C5EA /* AntiAttackGuard.swift */,
				573DB2DBA4F6526D4D6E860A /* CryptoEngine.swift */,
				8D6BC2852851878B44107929 /* EncryptedPackage.swift */,
			);
			path = Crypto;
			sourceTree = "<group>";
		};
		DD9F8159B173650E6EC88A76 = {
			isa = PBXGroup;
			children = (
				4E57C45F9A9A4AA25F8F02E1 /* src */,
				CEC3483CB8A06D65293BD7B7 /* Products */,
			);
			sourceTree = "<group>";
		};
		DE4DA9D4A084DEC00073B442 /* Modules */ = {
			isa = PBXGroup;
			children = (
				DC5D5790C784E1BEA41E4B32 /* Crypto */,
				1100B87485F0F8093DA40AFF /* Emergency */,
				44FC33AAA42D60D4092E8850 /* Identity */,
				3459471A5E763DB0527A8E07 /* Location */,
				AB36FA329CB5EF2662BD104E /* Map */,
				C9E4C905BA51328955D6E21A /* MapRelay */,
				C2CC3B9BCD4F6D2B0FA39CE4 /* Mesh */,
				F1A175AB88023CE75C2AD147 /* Navigation */,
				C69D0D1220552CF680035136 /* Points */,
				5FE74384837E32E511E5E096 /* Power */,
				D3772B2B5077F7618867893C /* Scheduler */,
				01E6DEA69982590E22A70E36 /* Social */,
				646F5D543371AC328B7B08A3 /* Storage */,
				3EB258CC8BD30CD237609C0B /* UI */,
				7CACB2386AF1A5DD93DD5C5A /* Updater */,
				EAC0E59F05F1FE2B71F0B97A /* Voice */,
			);
			path = Modules;
			sourceTree = "<group>";
		};
		EAC0E59F05F1FE2B71F0B97A /* Voice */ = {
			isa = PBXGroup;
			children = (
				B8B0E60C307C6E2B0247F8EF /* AudioCodec.swift */,
				0D5C2796BBA1CD22D6ECFE31 /* GroupVoiceMixer.swift */,
				A9C15AF5224C7CDB4C706D58 /* IncomingCallView.swift */,
				C16E778AE8B9DC9DCBD244C2 /* PushToTalkButton.swift */,
				1E628ABC3CB7E28E2C83D446 /* VoiceCallManager.swift */,
				4E9636DBE4E24FBFFC2B7DFD /* VoiceService.swift */,
				ABA19335B140E4AE59C6CE00 /* VoiceSession.swift */,
			);
			path = Voice;
			sourceTree = "<group>";
		};
		F1A175AB88023CE75C2AD147 /* Navigation */ = {
			isa = PBXGroup;
			children = (
				993B393544168128F210982D /* GeoAddressing.swift */,
				1FE682D14B1887C3D1621534 /* GeoMeshNavigator.swift */,
				AE9E3C7D4BA6817E4043BF64 /* MapView.swift */,
			);
			path = Navigation;
			sourceTree = "<group>";
		};
/* End PBXGroup section */

/* Begin PBXNativeTarget section */
		FD76B27ED9925B7D66E41C94 /* SummerSpark */ = {
			isa = PBXNativeTarget;
			buildConfigurationList = 8F2B26C03CFF7B87319CDA8B /* Build configuration list for PBXNativeTarget "SummerSpark" */;
			buildPhases = (
				938244E0C206540D23E6B506 /* Sources */,
				C45585255465A1F8F42E9E75 /* Resources */,
			);
			buildRules = (
			);
			dependencies = (
			);
			name = SummerSpark;
			packageProductDependencies = (
			);
			productName = SummerSpark;
			productReference = AD3B81187B5622CF1BC02CD6 /* SummerSpark.app */;
			productType = "com.apple.product-type.application";
		};
/* End PBXNativeTarget section */

/* Begin PBXProject section */
		81CCD16BB6A99F9BD26D9AF0 /* Project object */ = {
			isa = PBXProject;
			attributes = {
				BuildIndependentTargetsInParallel = YES;
				LastUpgradeCheck = 1500;
				TargetAttributes = {
					FD76B27ED9925B7D66E41C94 = {
						ProvisioningStyle = Automatic;
					};
				};
			};
			buildConfigurationList = DE3FE86D7E4539D63BEFD248 /* Build configuration list for PBXProject "SummerSpark" */;
			developmentRegion = en;
			hasScannedForEncodings = 0;
			knownRegions = (
				Base,
				en,
				"zh-Hans",
			);
			mainGroup = DD9F8159B173650E6EC88A76;
			minimizedProjectReferenceProxies = 1;
			preferredProjectObjectVersion = 77;
			productRefGroup = CEC3483CB8A06D65293BD7B7 /* Products */;
			projectDirPath = "";
			projectRoot = "";
			targets = (
				FD76B27ED9925B7D66E41C94 /* SummerSpark */,
			);
		};
/* End PBXProject section */

/* Begin PBXResourcesBuildPhase section */
		C45585255465A1F8F42E9E75 /* Resources */ = {
			isa = PBXResourcesBuildPhase;
			buildActionMask = 2147483647;
			files = (
				A5C283FB3DA52D124305AB4A /* Assets.xcassets in Resources */,
				EBBFB1EF85E383837894C64D /* Localizable.strings in Resources */,
			);
			runOnlyForDeploymentPostprocessing = 0;
		};
/* End PBXResourcesBuildPhase section */

/* Begin PBXSourcesBuildPhase section */
		938244E0C206540D23E6B506 /* Sources */ = {
			isa = PBXSourcesBuildPhase;
			buildActionMask = 2147483647;
			files = (
				B4F3EC7B880F939EF564B708 /* AdaptiveBeaconController.swift in Sources */,
				AF1186FEC7D21413DA2A16E1 /* AntiAttackGuard.swift in Sources */,
				F88215840F03CD3F9CC39E69 /* AppMode.swift in Sources */,
				98EC2AD1B90A04E44A96FBA4 /* AudioCodec.swift in Sources */,
				CFC3C6B61FFFE71FB2899A91 /* AutoUpdater.swift in Sources */,
				4D18CBEC2C40B4BA1B258E95 /* BackgroundMeshListener.swift in Sources */,
				6C14383CCD851BAE5A3FA23B /* BluetoothService.swift in Sources */,
				040228378FBF4B2DDBAF4D7F /* ConnectivitySwitchManager.swift in Sources */,
				10A24121848C294E4E3C6F78 /* Constants.swift in Sources */,
				C3763D01EFB8178E085A8E6A /* ContactPriority.swift in Sources */,
				5260B1AE8A0AA91FC1132DE4 /* ContentView.swift in Sources */,
				6146D26BD063B4B5B85DD1BC /* ContourRenderer.swift in Sources */,
				B7EEFADF8B6D881BBECDFD1F /* CoordinateTransformer.swift in Sources */,
				F314111CA97BBF5E61770606 /* CreditCalculator.swift in Sources */,
				355A9F4FD75B8CCC48F7BC01 /* CreditEngine.swift in Sources */,
				0E1C55D57139E408546C6B55 /* CreditQoSController.swift in Sources */,
				DFB9873628A6C9135395EE57 /* CreditSyncManager.swift in Sources */,
				811A89929F4A481365E6A7D3 /* CryptoEngine.swift in Sources */,
				E33961916E975414DC7EDB1F /* DatabaseManager.swift in Sources */,
				56BD5A8801B5EB691F723614 /* EmergencyChannel.swift in Sources */,
				544A3274DE11D5F07731684A /* EmergencyModels.swift in Sources */,
				D333E64E9D78DC81D220FD35 /* EncryptedCache.swift in Sources */,
				F0C0CA784596A1EA06A23D9C /* EncryptedPackage.swift in Sources */,
				771F1162095406993F6D6E6E /* EvacuationPlanner.swift in Sources */,
				A38E720C7911497ECA20916A /* Extensions.swift in Sources */,
				93DE5EBF259855EAF312B02B /* GeoAddressing.swift in Sources */,
				890F699537B9C370574BCED2 /* GeoMeshNavigator.swift in Sources */,
				6CBD4867AE4639374EA5FE11 /* GeoModels.swift in Sources */,
				EF0861C76B279103DF8D3F15 /* GroupStore.swift in Sources */,
				EB411951005289C41191D2F8 /* GroupVoiceMixer.swift in Sources */,
				BE687545F0336567C59AFC57 /* IdentityManager.swift in Sources */,
				9EB245D69E8E6BFD1839C641 /* IncomingCallView.swift in Sources */,
				B15536164D88EC3D17CD05C1 /* InteractionHistory.swift in Sources */,
				CB39C0FC5631C7EABBBFF7AE /* KeychainHelper.swift in Sources */,
				D661DD26741CCC33652A3951 /* LanguageManager.swift in Sources */,
				87D960C0FD1CAC01D9D42280 /* LocationManager.swift in Sources */,
				990A902F409FA0F9738D960B /* Logger.swift in Sources */,
				8B9A024B9BE1BEB36D22FE91 /* MapCacheManager.swift in Sources */,
				74A62E2B1B497C89191CCE0E /* MapPackageP2P.swift in Sources */,
				EAA30B26A5B683F63D5785AE /* MapRelayService.swift in Sources */,
				099FC1FB3F67C3042AE4733F /* MapService.swift in Sources */,
				84E45ECFB08DCA7D5EC39FB1 /* MapView.swift in Sources */,
				4B963173EC0E7AF592CDE526 /* MeshMessageType.swift in Sources */,
				549876F0E46949E697CEE481 /* MeshRelayProtocols.swift in Sources */,
				A1B07B415AC90688EC6111BF /* MeshService.swift in Sources */,
				02B3D4B592E0524960C7DBBF /* NavigationEngine.swift in Sources */,
				EA1BC36CD10750193741C1FE /* ObserverProtocols.swift in Sources */,
				54C6544773252F7BF245850C /* OfflineMapManager.swift in Sources */,
				51686D15F594655F2FD76DF7 /* PathPlanner.swift in Sources */,
				E250059C8F4717B72729C9C9 /* PowerSaveManager.swift in Sources */,
				2C367B3CCBAE3AF86B3D5092 /* PriorityScheduler.swift in Sources */,
				7A32A15AC55C1A335B91E31B /* PushToTalkButton.swift in Sources */,
				B4F60E6924C28A65957B1F36 /* QoSModels.swift in Sources */,
				953AFC624575C328F0A8EFF9 /* QoSRouter.swift in Sources */,
				24D5F790C279756C8275C9A4 /* ReputationTracker.swift in Sources */,
				5ACE88DC719B45369D85CD7A /* RescueCoordinator.swift in Sources */,
				1F2B4D593098DE0CC4261944 /* RescueDashboard.swift in Sources */,
				39EBC2CBDB63026EA7C449B4 /* RouteHandoverManager.swift in Sources */,
				25D6180C44379D809EE49E7A /* RouteStabilityMonitor.swift in Sources */,
				9A4995F51F314935D77BCAC0 /* RouteTable.swift in Sources */,
				B3C7D31B8B0D1C8ED22480A1 /* SOSButton.swift in Sources */,
				9B6520284A65EFA7E9815A69 /* SOSManager.swift in Sources */,
				77505194B2802AFA951E2367 /* SceneDelegate.swift in Sources */,
				638869712B31398A694AD581 /* SecureEnclaveManager.swift in Sources */,
				6C57A434F6D1A42AB501E9FB /* ServiceProtocols.swift in Sources */,
				DD4C3F8ADF7CF6092006E602 /* SettingsView.swift in Sources */,
				B7AE4148E76D221BB5007294 /* SharedModels.swift in Sources */,
				5E68C9EB559E3FC2E14F2738 /* SocialModels.swift in Sources */,
				5F709023263E0307937A26D4 /* SplashScreen.swift in Sources */,
				4F8DF55227A1D7FBC5ACFAD5 /* SummerSparkApp.swift in Sources */,
				CECBACE5D38EBF0E90C9CC8C /* TileIntegrityVerifier.swift in Sources */,
				66407BA00E2FCBD7F6CD40AF /* TrackRecorder.swift in Sources */,
				46CFA47B5FB37E700CF8D835 /* TrustNetwork.swift in Sources */,
				9BCEA201FA88782028EF81DE /* UIDGenerator.swift in Sources */,
				EE5ED4F2FF88E01B38986535 /* UIStateManagers.swift in Sources */,
				47EF058726D036540CB81D35 /* UpdateViews.swift in Sources */,
				AFBA371B84F80B74EC0A4EBD /* UserStatusManager.swift in Sources */,
				5E7A54239FBE3C61313BDD94 /* UsernameValidator.swift in Sources */,
				855B906FCE0B71507352C480 /* VictimMarker.swift in Sources */,
				859DA81900B80F2689BBAAA7 /* VoiceCallManager.swift in Sources */,
				F15C503FD8439AB4D255C9A7 /* VoiceService.swift in Sources */,
				01EF516754CB4AA3D9466A9C /* VoiceSession.swift in Sources */,
				4FE951BF91CD1A50F067523E /* WiFiService.swift in Sources */,
			);
			runOnlyForDeploymentPostprocessing = 0;
		};
/* End PBXSourcesBuildPhase section */

/* Begin PBXVariantGroup section */
		0E4552507835A75973FBDD6D /* Localizable.strings */ = {
			isa = PBXVariantGroup;
			children = (
				AA0A305890202BF66BDA81E0 /* en */,
				D08FD4C7B83578F07F5F956F /* zh-Hans */,
			);
			name = Localizable.strings;
			sourceTree = "<group>";
		};
/* End PBXVariantGroup section */

/* Begin XCBuildConfiguration section */
		2DD8E0DBD53667662C93F70A /* Release */ = {
			isa = XCBuildConfiguration;
			buildSettings = {
				ASSETCATALOG_COMPILER_APPICON_NAME = AppIcon;
				ASSETCATALOG_COMPILER_GLOBAL_ACCENT_COLOR_NAME = AccentColor;
				CODE_SIGN_ENTITLEMENTS = configs/SummerSpark.entitlements;
				CODE_SIGN_IDENTITY = "iPhone Developer";
				GENERATE_INFOPLIST_FILE = NO;
				INFOPLIST_FILE = src/App/Info.plist;
				IPHONEOS_DEPLOYMENT_TARGET = 16.0;
				KNOWN_MODULE_IMPORTS = "SwiftUI Combine";
				LD_RUNPATH_SEARCH_PATHS = "$(inherited) @executable_path/Frameworks";
				PRODUCT_BUNDLE_IDENTIFIER = com.summerspark.app;
				SDKROOT = iphoneos;
				SWIFT_EMIT_LOC_STRINGS = YES;
				TARGETED_DEVICE_FAMILY = "1,2";
			};
			name = Release;
		};
		7F843C7A6DFF67BD51025580 /* Debug */ = {
			isa = XCBuildConfiguration;
			buildSettings = {
				ASSETCATALOG_COMPILER_APPICON_NAME = AppIcon;
				ASSETCATALOG_COMPILER_GLOBAL_ACCENT_COLOR_NAME = AccentColor;
				CODE_SIGN_ENTITLEMENTS = configs/SummerSpark.entitlements;
				CODE_SIGN_IDENTITY = "iPhone Developer";
				GENERATE_INFOPLIST_FILE = NO;
				INFOPLIST_FILE = src/App/Info.plist;
				IPHONEOS_DEPLOYMENT_TARGET = 16.0;
				KNOWN_MODULE_IMPORTS = "SwiftUI Combine";
				LD_RUNPATH_SEARCH_PATHS = "$(inherited) @executable_path/Frameworks";
				PRODUCT_BUNDLE_IDENTIFIER = com.summerspark.app;
				SDKROOT = iphoneos;
				SWIFT_EMIT_LOC_STRINGS = YES;
				TARGETED_DEVICE_FAMILY = "1,2";
			};
			name = Debug;
		};
		AFCA0428615B32EBF263074C /* Debug */ = {
			isa = XCBuildConfiguration;
			buildSettings = {
				ALWAYS_SEARCH_USER_PATHS = NO;
				CLANG_ANALYZER_NONNULL = YES;
				CLANG_ANALYZER_NUMBER_OBJECT_CONVERSION = YES_AGGRESSIVE;
				CLANG_CXX_LANGUAGE_STANDARD = "gnu++14";
				CLANG_CXX_LIBRARY = "libc++";
				CLANG_ENABLE_MODULES = YES;
				CLANG_ENABLE_OBJC_ARC = YES;
				CLANG_ENABLE_OBJC_WEAK = YES;
				CLANG_WARN_BLOCK_CAPTURE_AUTORELEASING = YES;
				CLANG_WARN_BOOL_CONVERSION = YES;
				CLANG_WARN_COMMA = YES;
				CLANG_WARN_CONSTANT_CONVERSION = YES;
				CLANG_WARN_DEPRECATED_OBJC_IMPLEMENTATIONS = YES;
				CLANG_WARN_DIRECT_OBJC_ISA_USAGE = YES_ERROR;
				CLANG_WARN_DOCUMENTATION_COMMENTS = YES;
				CLANG_WARN_EMPTY_BODY = YES;
				CLANG_WARN_ENUM_CONVERSION = YES;
				CLANG_WARN_INFINITE_RECURSION = YES;
				CLANG_WARN_INT_CONVERSION = YES;
				CLANG_WARN_NON_LITERAL_NULL_CONVERSION = YES;
				CLANG_WARN_OBJC_IMPLICIT_RETAIN_SELF = YES;
				CLANG_WARN_OBJC_LITERAL_CONVERSION = YES;
				CLANG_WARN_OBJC_ROOT_CLASS = YES_ERROR;
				CLANG_WARN_QUOTED_INCLUDE_IN_FRAMEWORK_HEADER = YES;
				CLANG_WARN_RANGE_LOOP_ANALYSIS = YES;
				CLANG_WARN_STRICT_PROTOTYPES = YES;
				CLANG_WARN_SUSPICIOUS_MOVE = YES;
				CLANG_WARN_UNGUARDED_AVAILABILITY = YES_AGGRESSIVE;
				CLANG_WARN_UNREACHABLE_CODE = YES;
				CLANG_WARN__DUPLICATE_METHOD_MATCH = YES;
				CODE_SIGN_STYLE = Automatic;
				COPY_PHASE_STRIP = NO;
				CURRENT_PROJECT_VERSION = 4;
				DEBUG_INFORMATION_FORMAT = "dwarf-with-dsym";
				ENABLE_BITCODE = NO;
				ENABLE_STRICT_OBJC_MSGSEND = YES;
				ENABLE_TESTABILITY = YES;
				GCC_C_LANGUAGE_STANDARD = gnu11;
				GCC_DYNAMIC_NO_PIC = NO;
				GCC_NO_COMMON_BLOCKS = YES;
				GCC_OPTIMIZATION_LEVEL = 0;
				GCC_PREPROCESSOR_DEFINITIONS = (
					"$(inherited)",
					"DEBUG=1",
				);
				GCC_WARN_64_TO_32_BIT_CONVERSION = YES;
				GCC_WARN_ABOUT_RETURN_TYPE = YES_ERROR;
				GCC_WARN_UNDECLARED_SELECTOR = YES;
				GCC_WARN_UNINITIALIZED_AUTOS = YES_AGGRESSIVE;
				GCC_WARN_UNUSED_FUNCTION = YES;
				GCC_WARN_UNUSED_VARIABLE = YES;
				INFOPLIST_FILE = src/App/Info.plist;
				IPHONEOS_DEPLOYMENT_TARGET = 16.0;
				MARKETING_VERSION = 4.0.0;
				MTL_ENABLE_DEBUG_INFO = INCLUDE_SOURCE;
				MTL_FAST_MATH = YES;
				ONLY_ACTIVE_ARCH = YES;
				PRODUCT_BUNDLE_IDENTIFIER = com.summerspark.app;
				PRODUCT_NAME = "$(TARGET_NAME)";
				SDKROOT = iphoneos;
				SWIFT_ACTIVE_COMPILATION_CONDITIONS = DEBUG;
				SWIFT_OPTIMIZATION_LEVEL = "-Onone";
				SWIFT_VERSION = 5.9;
				TARGETED_DEVICE_FAMILY = 1;
			};
			name = Debug;
		};
		F90E752660318CA884B6553B /* Release */ = {
			isa = XCBuildConfiguration;
			buildSettings = {
				ALWAYS_SEARCH_USER_PATHS = NO;
				CLANG_ANALYZER_NONNULL = YES;
				CLANG_ANALYZER_NUMBER_OBJECT_CONVERSION = YES_AGGRESSIVE;
				CLANG_CXX_LANGUAGE_STANDARD = "gnu++14";
				CLANG_CXX_LIBRARY = "libc++";
				CLANG_ENABLE_MODULES = YES;
				CLANG_ENABLE_OBJC_ARC = YES;
				CLANG_ENABLE_OBJC_WEAK = YES;
				CLANG_WARN_BLOCK_CAPTURE_AUTORELEASING = YES;
				CLANG_WARN_BOOL_CONVERSION = YES;
				CLANG_WARN_COMMA = YES;
				CLANG_WARN_CONSTANT_CONVERSION = YES;
				CLANG_WARN_DEPRECATED_OBJC_IMPLEMENTATIONS = YES;
				CLANG_WARN_DIRECT_OBJC_ISA_USAGE = YES_ERROR;
				CLANG_WARN_DOCUMENTATION_COMMENTS = YES;
				CLANG_WARN_EMPTY_BODY = YES;
				CLANG_WARN_ENUM_CONVERSION = YES;
				CLANG_WARN_INFINITE_RECURSION = YES;
				CLANG_WARN_INT_CONVERSION = YES;
				CLANG_WARN_NON_LITERAL_NULL_CONVERSION = YES;
				CLANG_WARN_OBJC_IMPLICIT_RETAIN_SELF = YES;
				CLANG_WARN_OBJC_LITERAL_CONVERSION = YES;
				CLANG_WARN_OBJC_ROOT_CLASS = YES_ERROR;
				CLANG_WARN_QUOTED_INCLUDE_IN_FRAMEWORK_HEADER = YES;
				CLANG_WARN_RANGE_LOOP_ANALYSIS = YES;
				CLANG_WARN_STRICT_PROTOTYPES = YES;
				CLANG_WARN_SUSPICIOUS_MOVE = YES;
				CLANG_WARN_UNGUARDED_AVAILABILITY = YES_AGGRESSIVE;
				CLANG_WARN_UNREACHABLE_CODE = YES;
				CLANG_WARN__DUPLICATE_METHOD_MATCH = YES;
				CODE_SIGN_STYLE = Automatic;
				COPY_PHASE_STRIP = NO;
				CURRENT_PROJECT_VERSION = 4;
				DEBUG_INFORMATION_FORMAT = "dwarf-with-dsym";
				ENABLE_BITCODE = NO;
				ENABLE_NS_ASSERTIONS = NO;
				ENABLE_STRICT_OBJC_MSGSEND = YES;
				GCC_C_LANGUAGE_STANDARD = gnu11;
				GCC_NO_COMMON_BLOCKS = YES;
				GCC_WARN_64_TO_32_BIT_CONVERSION = YES;
				GCC_WARN_ABOUT_RETURN_TYPE = YES_ERROR;
				GCC_WARN_UNDECLARED_SELECTOR = YES;
				GCC_WARN_UNINITIALIZED_AUTOS = YES_AGGRESSIVE;
				GCC_WARN_UNUSED_FUNCTION = YES;
				GCC_WARN_UNUSED_VARIABLE = YES;
				INFOPLIST_FILE = src/App/Info.plist;
				IPHONEOS_DEPLOYMENT_TARGET = 16.0;
				MARKETING_VERSION = 4.0.0;
				MTL_ENABLE_DEBUG_INFO = NO;
				MTL_FAST_MATH = YES;
				PRODUCT_BUNDLE_IDENTIFIER = com.summerspark.app;
				PRODUCT_NAME = "$(TARGET_NAME)";
				SDKROOT = iphoneos;
				SWIFT_COMPILATION_MODE = wholemodule;
				SWIFT_OPTIMIZATION_LEVEL = "-O";
				SWIFT_VERSION = 5.9;
				TARGETED_DEVICE_FAMILY = 1;
			};
			name = Release;
		};
/* End XCBuildConfiguration section */

/* Begin XCConfigurationList section */
		8F2B26C03CFF7B87319CDA8B /* Build configuration list for PBXNativeTarget "SummerSpark" */ = {
			isa = XCConfigurationList;
			buildConfigurations = (
				7F843C7A6DFF67BD51025580 /* Debug */,
				2DD8E0DBD53667662C93F70A /* Release */,
			);
			defaultConfigurationIsVisible = 0;
			defaultConfigurationName = Debug;
		};
		DE3FE86D7E4539D63BEFD248 /* Build configuration list for PBXProject "SummerSpark" */ = {
			isa = XCConfigurationList;
			buildConfigurations = (
				AFCA0428615B32EBF263074C /* Debug */,
				F90E752660318CA884B6553B /* Release */,
			);
			defaultConfigurationIsVisible = 0;
			defaultConfigurationName = Debug;
		};
/* End XCConfigurationList section */
	};
	rootObject = 81CCD16BB6A99F9BD26D9AF0 /* Project object */;
}
